
Microsoft Visual Studio Solution File, Format Version 12.00
# Visual Studio Version 17
VisualStudioVersion = 17.5.33530.505
MinimumVisualStudioVersion = 10.0.40219.1
Project("{FAE04EC0-301F-11D3-BF4B-00C04F79EFBC}") = "WebApplication7", "WebApplication7\WebApplication7.csproj", "{6B882F26-F831-4880-8B82-319490168DCA}"
EndProject
Global
	GlobalSection(SolutionConfigurationPlatforms) = preSolution
		Debug|Any CPU = Debug|Any CPU
		Release|Any CPU = Release|Any CPU
	EndGlobalSection
	GlobalSection(ProjectConfigurationPlatforms) = postSolution
		{6B882F26-F831-4880-8B82-319490168DCA}.Debug|Any CPU.ActiveCfg = Debug|Any CPU
		{6B882F26-F831-4880-8B82-319490168DCA}.Debug|Any CPU.Build.0 = Debug|Any CPU
		{6B882F26-F831-4880-8B82-319490168DCA}.Release|Any CPU.ActiveCfg = Release|Any CPU
		{6B882F26-F831-4880-8B82-319490168DCA}.Release|Any CPU.Build.0 = Release|Any CPU
	EndGlobalSection
	GlobalSection(SolutionProperties) = preSolution
		HideSolutionNode = FALSE
	EndGlobalSection
	GlobalSection(ExtensibilityGlobals) = postSolution
		SolutionGuid = {22ECC68D-1463-4B17-96A9-D33123CDD57A}
	EndGlobalSection
EndGlobal
